
Microsoft Visual Studio Solution File, Format Version 12.00
# Visual Studio Version 17
VisualStudioVersion = 17.5.33502.453
MinimumVisualStudioVersion = 10.0.40219.1
Project("{9A19103F-16F7-4668-BE54-9A1E7A4F7556}") = "AstDecoder", "AstDecoder.csproj", "{9A9A5CE7-0C90-467D-B7D3-DD218BFF29EE}"
EndProject
Project("{9A19103F-16F7-4668-BE54-9A1E7A4F7556}") = "Main", "..\Main\Main.csproj", "{6AB66F39-9A30-4BFE-B15A-7D251D5D9CC8}"
EndProject
Project("{FAE04EC0-301F-11D3-BF4B-00C04F79EFBC}") = "Simulation", "..\Simulation\Simulation.csproj", "{55022E58-57CF-47F4-A9EB-5985A262CE28}"
EndProject
Global
	GlobalSection(SolutionConfigurationPlatforms) = preSolution
		Debug|Any CPU = Debug|Any CPU
		Release|Any CPU = Release|Any CPU
	EndGlobalSection
	GlobalSection(ProjectConfigurationPlatforms) = postSolution
		{9A9A5CE7-0C90-467D-B7D3-DD218BFF29EE}.Debug|Any CPU.ActiveCfg = Debug|Any CPU
		{9A9A5CE7-0C90-467D-B7D3-DD218BFF29EE}.Debug|Any CPU.Build.0 = Debug|Any CPU
		{9A9A5CE7-0C90-467D-B7D3-DD218BFF29EE}.Release|Any CPU.ActiveCfg = Release|Any CPU
		{9A9A5CE7-0C90-467D-B7D3-DD218BFF29EE}.Release|Any CPU.Build.0 = Release|Any CPU
		{6AB66F39-9A30-4BFE-B15A-7D251D5D9CC8}.Debug|Any CPU.ActiveCfg = Debug|Any CPU
		{6AB66F39-9A30-4BFE-B15A-7D251D5D9CC8}.Debug|Any CPU.Build.0 = Debug|Any CPU
		{6AB66F39-9A30-4BFE-B15A-7D251D5D9CC8}.Release|Any CPU.ActiveCfg = Release|Any CPU
		{6AB66F39-9A30-4BFE-B15A-7D251D5D9CC8}.Release|Any CPU.Build.0 = Release|Any CPU
		{55022E58-57CF-47F4-A9EB-5985A262CE28}.Debug|Any CPU.ActiveCfg = Debug|Any CPU
		{55022E58-57CF-47F4-A9EB-5985A262CE28}.Debug|Any CPU.Build.0 = Debug|Any CPU
		{55022E58-57CF-47F4-A9EB-5985A262CE28}.Release|Any CPU.ActiveCfg = Release|Any CPU
		{55022E58-57CF-47F4-A9EB-5985A262CE28}.Release|Any CPU.Build.0 = Release|Any CPU
	EndGlobalSection
	GlobalSection(SolutionProperties) = preSolution
		HideSolutionNode = FALSE
	EndGlobalSection
	GlobalSection(ExtensibilityGlobals) = postSolution
		SolutionGuid = {4FD4FE71-057F-4CAB-AF61-890404059DB0}
	EndGlobalSection
EndGlobal
